
Microsoft Visual Studio Solution File, Format Version 12.00
# Visual Studio 15
VisualStudioVersion = 15.0.27004.2006
MinimumVisualStudioVersion = 10.0.40219.1
Project("{FAE04EC0-301F-11D3-BF4B-00C04F79EFBC}") = "L20190825", "L20190825\L20190825.csproj", "{D571F5AA-3E86-4218-9712-72EE41BB408F}"
EndProject
Global
	GlobalSection(SolutionConfigurationPlatforms) = preSolution
		Debug|Any CPU = Debug|Any CPU
		Release|Any CPU = Release|Any CPU
	EndGlobalSection
	GlobalSection(ProjectConfigurationPlatforms) = postSolution
		{D571F5AA-3E86-4218-9712-72EE41BB408F}.Debug|Any CPU.ActiveCfg = Debug|Any CPU
		{D571F5AA-3E86-4218-9712-72EE41BB408F}.Debug|Any CPU.Build.0 = Debug|Any CPU
		{D571F5AA-3E86-4218-9712-72EE41BB408F}.Release|Any CPU.ActiveCfg = Release|Any CPU
		{D571F5AA-3E86-4218-9712-72EE41BB408F}.Release|Any CPU.Build.0 = Release|Any CPU
	EndGlobalSection
	GlobalSection(SolutionProperties) = preSolution
		HideSolutionNode = FALSE
	EndGlobalSection
	GlobalSection(ExtensibilityGlobals) = postSolution
		SolutionGuid = {7976B6C7-99F4-46D9-AD4E-DE37C860A552}
	EndGlobalSection
EndGlobal
